
Microsoft Visual Studio Solution File, Format Version 12.00
# Visual Studio Version 16
VisualStudioVersion = 16.0.32413.511
MinimumVisualStudioVersion = 10.0.40219.1
Project("{FAE04EC0-301F-11D3-BF4B-00C04F79EFBC}") = "HyperSpaceMonkeys", "HyperSpaceMonkeys\HyperSpaceMonkeys.csproj", "{057BD0A1-C843-4188-A09E-5097819D952E}"
EndProject
Project("{FAE04EC0-301F-11D3-BF4B-00C04F79EFBC}") = "Calculos", "Calculos\Calculos.csproj", "{2F55EC49-7426-4EDB-B635-73C208323130}"
EndProject
Project("{FAE04EC0-301F-11D3-BF4B-00C04F79EFBC}") = "Calculos.UniTest", "Calculos.UniTest\Calculos.UniTest.csproj", "{7F2C3423-7F72-47F5-8AFF-9204BAF5B142}"
EndProject
Global
	GlobalSection(SolutionConfigurationPlatforms) = preSolution
		Debug|Any CPU = Debug|Any CPU
		Release|Any CPU = Release|Any CPU
	EndGlobalSection
	GlobalSection(ProjectConfigurationPlatforms) = postSolution
		{057BD0A1-C843-4188-A09E-5097819D952E}.Debug|Any CPU.ActiveCfg = Debug|Any CPU
		{057BD0A1-C843-4188-A09E-5097819D952E}.Debug|Any CPU.Build.0 = Debug|Any CPU
		{057BD0A1-C843-4188-A09E-5097819D952E}.Release|Any CPU.ActiveCfg = Release|Any CPU
		{057BD0A1-C843-4188-A09E-5097819D952E}.Release|Any CPU.Build.0 = Release|Any CPU
		{2F55EC49-7426-4EDB-B635-73C208323130}.Debug|Any CPU.ActiveCfg = Debug|Any CPU
		{2F55EC49-7426-4EDB-B635-73C208323130}.Debug|Any CPU.Build.0 = Debug|Any CPU
		{2F55EC49-7426-4EDB-B635-73C208323130}.Release|Any CPU.ActiveCfg = Release|Any CPU
		{2F55EC49-7426-4EDB-B635-73C208323130}.Release|Any CPU.Build.0 = Release|Any CPU
		{7F2C3423-7F72-47F5-8AFF-9204BAF5B142}.Debug|Any CPU.ActiveCfg = Debug|Any CPU
		{7F2C3423-7F72-47F5-8AFF-9204BAF5B142}.Debug|Any CPU.Build.0 = Debug|Any CPU
		{7F2C3423-7F72-47F5-8AFF-9204BAF5B142}.Release|Any CPU.ActiveCfg = Release|Any CPU
		{7F2C3423-7F72-47F5-8AFF-9204BAF5B142}.Release|Any CPU.Build.0 = Release|Any CPU
	EndGlobalSection
	GlobalSection(SolutionProperties) = preSolution
		HideSolutionNode = FALSE
	EndGlobalSection
	GlobalSection(ExtensibilityGlobals) = postSolution
		SolutionGuid = {7E31D448-2892-4C7C-B7B5-83E8BB8C0B9F}
	EndGlobalSection
EndGlobal
