
Microsoft Visual Studio Solution File, Format Version 12.00
# Visual Studio Version 16
VisualStudioVersion = 16.0.32106.194
MinimumVisualStudioVersion = 10.0.40219.1
Project("{FAE04EC0-301F-11D3-BF4B-00C04F79EFBC}") = "UnitTesting", "UnitTesting.csproj", "{8A3065B6-1969-4445-9F76-FFB0ADDFCE69}"
EndProject
Project("{FAE04EC0-301F-11D3-BF4B-00C04F79EFBC}") = "Calculus.UniTest", "..\Calculus.UniTest\Calculus.UniTest.csproj", "{8F78B8F1-D0CE-4562-BAC9-354AAF66E10A}"
EndProject
Global
	GlobalSection(SolutionConfigurationPlatforms) = preSolution
		Debug|Any CPU = Debug|Any CPU
		Release|Any CPU = Release|Any CPU
	EndGlobalSection
	GlobalSection(ProjectConfigurationPlatforms) = postSolution
		{8A3065B6-1969-4445-9F76-FFB0ADDFCE69}.Debug|Any CPU.ActiveCfg = Debug|Any CPU
		{8A3065B6-1969-4445-9F76-FFB0ADDFCE69}.Debug|Any CPU.Build.0 = Debug|Any CPU
		{8A3065B6-1969-4445-9F76-FFB0ADDFCE69}.Release|Any CPU.ActiveCfg = Release|Any CPU
		{8A3065B6-1969-4445-9F76-FFB0ADDFCE69}.Release|Any CPU.Build.0 = Release|Any CPU
		{8F78B8F1-D0CE-4562-BAC9-354AAF66E10A}.Debug|Any CPU.ActiveCfg = Debug|Any CPU
		{8F78B8F1-D0CE-4562-BAC9-354AAF66E10A}.Debug|Any CPU.Build.0 = Debug|Any CPU
		{8F78B8F1-D0CE-4562-BAC9-354AAF66E10A}.Release|Any CPU.ActiveCfg = Release|Any CPU
		{8F78B8F1-D0CE-4562-BAC9-354AAF66E10A}.Release|Any CPU.Build.0 = Release|Any CPU
	EndGlobalSection
	GlobalSection(SolutionProperties) = preSolution
		HideSolutionNode = FALSE
	EndGlobalSection
	GlobalSection(ExtensibilityGlobals) = postSolution
		SolutionGuid = {406F1DED-CC9F-49CD-8E70-9960B8E20AB4}
	EndGlobalSection
EndGlobal
